{
  "name": "chessbot",
  "version": "1.0.0",
  "lockfileVersion": 1,
  "requires": true,
  "dependencies": {
    "@babel/runtime-corejs3": {
      "version": "7.14.5",
      "resolved": "https://registry.npmjs.org/@babel/runtime-corejs3/-/runtime-corejs3-7.14.5.tgz",
      "integrity": "sha512-cBbwXj3F2xjnQJ0ERaFRLjxhUSBYsQPXJ7CERz/ecx6q6hzQ99eTflAPFC3ks4q/IG4CWupNVdflc4jlFBJVsg==",
      "requires": {
        "core-js-pure": "^3.14.0",
        "regenerator-runtime": "^0.13.4"
      }
    },
    "chess": {
      "version": "0.5.0",
      "resolved": "https://registry.npmjs.org/chess/-/chess-0.5.0.tgz",
      "integrity": "sha512-2TVNlMI9Nf03ZdpJp6sqeHuSD0/eldtARo2cUCNeguOG3ek6MoP8xa2a2YeDi9lEV7lmjvx0tf0L5UVexpuMIA==",
      "requires": {
        "@babel/runtime-corejs3": "^7.13.10"
      }
    },
    "core-js-pure": {
      "version": "3.14.0",
      "resolved": "https://registry.npmjs.org/core-js-pure/-/core-js-pure-3.14.0.tgz",
      "integrity": "sha512-YVh+LN2FgNU0odThzm61BsdkwrbrchumFq3oztnE9vTKC4KS2fvnPmcx8t6jnqAyOTCTF4ZSiuK8Qhh7SNcL4g=="
    },
    "node-fetch": {
      "version": "2.6.1",
      "resolved": "https://registry.npmjs.org/node-fetch/-/node-fetch-2.6.1.tgz",
      "integrity": "sha512-V4aYg89jEoVRxRb2fJdAg8FHvI7cEyYdVAh94HH0UIK8oJxUfkjlDQN9RbMx+bEjP7+ggMiFRprSti032Oipxw=="
    },
    "regenerator-runtime": {
      "version": "0.13.7",
      "resolved": "https://registry.npmjs.org/regenerator-runtime/-/regenerator-runtime-0.13.7.tgz",
      "integrity": "sha512-a54FxoJDIr27pgf7IgeQGxmqUNYrcV338lf/6gH456HZ/PhX+5BcwHXG9ajESmwe6WRO0tAzRUrRmNONWgkrew=="
    },
    "tmi.js": {
      "version": "1.8.3",
      "resolved": "https://registry.npmjs.org/tmi.js/-/tmi.js-1.8.3.tgz",
      "integrity": "sha512-1YAO3hwnkpAbUfVlpxcqOHP4Nun/+TqxWE/e/ZKMB6p40ZKczhI03oZW2Qx3pppqWjXz5kSjHdT/vTTfi2gCGQ==",
      "requires": {
        "node-fetch": "^2.6.1",
        "ws": "^7.4.3"
      }
    },
    "ws": {
      "version": "7.4.6",
      "resolved": "https://registry.npmjs.org/ws/-/ws-7.4.6.tgz",
      "integrity": "sha512-YmhHDO4MzaDLB+M9ym/mDA5z0naX8j7SIlT8f8z+I0VtzsRbekxEutHSme7NPS2qE8StCYQNUnfWdXta/Yu85A=="
    }
  }
}
